
Microsoft Visual Studio Solution File, Format Version 12.00
# Visual Studio 15
VisualStudioVersion = 15.0.27130.2036
MinimumVisualStudioVersion = 10.0.40219.1
Project("{FAE04EC0-301F-11D3-BF4B-00C04F79EFBC}") = "linde_test", "linde_test\linde_test.csproj", "{A7D2F33C-5EC5-47FC-B957-4D9509B24005}"
EndProject
Global
	GlobalSection(SolutionConfigurationPlatforms) = preSolution
		Debug|Any CPU = Debug|Any CPU
		Release|Any CPU = Release|Any CPU
	EndGlobalSection
	GlobalSection(ProjectConfigurationPlatforms) = postSolution
		{A7D2F33C-5EC5-47FC-B957-4D9509B24005}.Debug|Any CPU.ActiveCfg = Debug|Any CPU
		{A7D2F33C-5EC5-47FC-B957-4D9509B24005}.Debug|Any CPU.Build.0 = Debug|Any CPU
		{A7D2F33C-5EC5-47FC-B957-4D9509B24005}.Release|Any CPU.ActiveCfg = Release|Any CPU
		{A7D2F33C-5EC5-47FC-B957-4D9509B24005}.Release|Any CPU.Build.0 = Release|Any CPU
	EndGlobalSection
	GlobalSection(SolutionProperties) = preSolution
		HideSolutionNode = FALSE
	EndGlobalSection
	GlobalSection(ExtensibilityGlobals) = postSolution
		SolutionGuid = {7288B441-6D8D-44A3-9B11-63B13FF777F3}
	EndGlobalSection
EndGlobal
